<?xml version="1.0" encoding="UTF-8" standalone="yes" ?>
<CodeBlocks_project_file>
	<FileVersion major="1" minor="6" />
	<Project>
		<Option title="CaravanaDelDesierto" />
		<Option pch_mode="2" />
		<Option compiler="gcc" />
		<Build>
			<Target title="Debug">
				<Option output="bin/Debug/CaravanaDelDesierto" prefix_auto="1" extension_auto="1" />
				<Option object_output="obj/Debug/" />
				<Option type="1" />
				<Option compiler="gcc" />
				<Option parameters="config.txt caravana.txt" />
				<Compiler>
					<Add option="-ansi" />
					<Add option="-g" />
				</Compiler>
			</Target>
			<Target title="Release">
				<Option output="bin/Release/CaravanaDelDesierto" prefix_auto="1" extension_auto="1" />
				<Option object_output="obj/Release/" />
				<Option type="1" />
				<Option compiler="gcc" />
				<Compiler>
					<Add option="-O2" />
				</Compiler>
				<Linker>
					<Add option="-s" />
				</Linker>
			</Target>
		</Build>
		<Compiler>
			<Add option="-Wall" />
		</Compiler>
		<Unit filename="Datos.c">
			<Option compilerVar="CC" />
		</Unit>
		<Unit filename="Datos.h" />
		<Unit filename="Juego.c">
			<Option compilerVar="CC" />
		</Unit>
		<Unit filename="Juego.h" />
		<Unit filename="TDA/Comun/Comun.h" />
		<Unit filename="TDA/TDA_Arbol/arbol.c">
			<Option compilerVar="CC" />
		</Unit>
		<Unit filename="TDA/TDA_Arbol/arbol.h" />
		<Unit filename="TDA/TDA_Cola/Cola.c">
			<Option compilerVar="CC" />
		</Unit>
		<Unit filename="TDA/TDA_Cola/Cola.h" />
		<Unit filename="TDA/TDA_Lista/Lista.c">
			<Option compilerVar="CC" />
		</Unit>
		<Unit filename="TDA/TDA_Lista/Lista.h" />
		<Unit filename="TDA/TDA_ListaCircularDoblementeEnlazada/ListaCircularD.c">
			<Option compilerVar="CC" />
		</Unit>
		<Unit filename="TDA/TDA_ListaCircularDoblementeEnlazada/ListaCircularD.h" />
		<Unit filename="TDA/TDA_Pila/Pila.c">
			<Option compilerVar="CC" />
		</Unit>
		<Unit filename="TDA/TDA_Pila/Pila.h" />
		<Unit filename="Tablero.c">
			<Option compilerVar="CC" />
		</Unit>
		<Unit filename="Tablero.h" />
		<Unit filename="Tipos.h" />
		<Unit filename="config.txt" />
		<Unit filename="main.c">
			<Option compilerVar="CC" />
		</Unit>
		<Extensions>
			<lib_finder disable_auto="1" />
		</Extensions>
	</Project>
</CodeBlocks_project_file>
